{
  "name": "electron-markdownify",
  "version": "1.3.0",
  "lockfileVersion": 1,
  "requires": true,
  "dependencies": {
    "devtron": {
      "version": "1.4.0",
      "resolved": "https://registry.npmjs.org/devtron/-/devtron-1.4.0.tgz",
      "integrity": "sha1-tedIvW6Vu+cL/MaKrm/mlhGUQeE=",
      "dev": true
    },
    "electron": {
      "version": "1.6.11",
      "resolved": "https://registry.npmjs.org/electron/-/electron-1.6.11.tgz",
      "integrity": "sha1-vnnA69zv7bW/KBF0CYAPpTus7/o=",
      "dev": true
    },
    "electron-config": {
      "version": "0.2.1",
      "resolved": "https://registry.npmjs.org/electron-config/-/electron-config-0.2.1.tgz",
      "integrity": "sha1-fhLCZBLQa/PtOJbQR53xYphrlbo="
    },
    "electron-editor-context-menu": {
      "version": "1.1.1",
      "resolved": "https://registry.npmjs.org/electron-editor-context-menu/-/electron-editor-context-menu-1.1.1.tgz",
      "integrity": "sha1-3DAJjg37N/YmKOQzAxJMfzN5Vy0="
    },
    "electron-json-storage": {
      "version": "3.0.5",
      "resolved": "https://registry.npmjs.org/electron-json-storage/-/electron-json-storage-3.0.5.tgz",
      "integrity": "sha1-UXAtLCXcXHUsjUylBBLugKV2g6Q="
    },
    "electron-localshortcut": {
      "version": "1.1.1",
      "resolved": "https://registry.npmjs.org/electron-localshortcut/-/electron-localshortcut-1.1.1.tgz",
      "integrity": "sha1-K3+61KJ50WeAESVLxNNXjxleANQ="
    },
    "electron-packager": {
      "version": "7.7.0",
      "resolved": "https://registry.npmjs.org/electron-packager/-/electron-packager-7.7.0.tgz",
      "integrity": "sha1-nwozxsJbWZgLpDE+IX9CERyUeaU=",
      "dev": true,
      "dependencies": {
        "electron-download": {
          "version": "2.2.1",
          "resolved": "https://registry.npmjs.org/electron-download/-/electron-download-2.2.1.tgz",
          "integrity": "sha1-PXivNkXJZDXjvz35uIKhTMLKKUw="
        },
        "minimist": {
          "version": "1.2.0",
          "resolved": "https://registry.npmjs.org/minimist/-/minimist-1.2.0.tgz",
          "integrity": "sha1-o1AIsg9BOD7sH7kU9M1d95omQoQ="
        },
        "nugget": {
          "version": "1.6.2",
          "resolved": "https://registry.npmjs.org/nugget/-/nugget-1.6.2.tgz",
          "integrity": "sha1-iMpuA7pXBqmRc/XaCQJZPWvK4Qc="
        },
        "path-exists": {
          "version": "1.0.0",
          "resolved": "https://registry.npmjs.org/path-exists/-/path-exists-1.0.0.tgz",
          "integrity": "sha1-1aiZjrce83p0w06w2eum6HjuoIE="
        },
        "single-line-log": {
          "version": "0.4.1",
          "resolved": "https://registry.npmjs.org/single-line-log/-/single-line-log-0.4.1.tgz",
          "integrity": "sha1-h6VWSfdJ14PsDc2AToFA2Yc8fO4="
        }
      }
    },
    "gulp": {
      "version": "3.9.1",
      "resolved": "https://registry.npmjs.org/gulp/-/gulp-3.9.1.tgz",
      "integrity": "sha1-VxzkWSjdQK9lFPxAEYZgFsE4RbQ=",
      "dev": true,
      "dependencies": {
        "minimist": {
          "version": "1.2.0",
          "resolved": "https://registry.npmjs.org/minimist/-/minimist-1.2.0.tgz",
          "integrity": "sha1-o1AIsg9BOD7sH7kU9M1d95omQoQ="
        },
        "semver": {
          "version": "4.3.6",
          "resolved": "https://registry.npmjs.org/semver/-/semver-4.3.6.tgz",
          "integrity": "sha1-MAvG4OhjdPe6YQaLWx7NV/xlMto="
        }
      }
    },
    "highlightjs": {
      "version": "9.10.0",
      "resolved": "https://registry.npmjs.org/highlightjs/-/highlightjs-9.10.0.tgz",
      "integrity": "sha1-/Km3jdqjsavKidbD7hBa0nCoAZA="
    },
    "parse-filepath": {
      "version": "1.0.1",
      "resolved": "https://registry.npmjs.org/parse-filepath/-/parse-filepath-1.0.1.tgz",
      "integrity": "sha1-FZ1hVdQ5BNFsEO9piRHaHpGWm3M="
    },
    "parse-katex": {
      "version": "0.3.0",
      "resolved": "https://registry.npmjs.org/parse-katex/-/parse-katex-0.3.0.tgz",
      "integrity": "sha1-MCKZyyG1b5vAAvMatIOGY49lHLA="
    },
    "showdown": {
      "version": "1.7.1",
      "resolved": "https://registry.npmjs.org/showdown/-/showdown-1.7.1.tgz",
      "integrity": "sha1-TLx7KzM7vT1nnVgcWfyPJ9iNsLE="
    }
  }
}
